// !$*UTF8*$!
{
	archiveVersion = 1;
	classes = {
	};
	objectVersion = 50;
	objects = {

/* Begin PBXBuildFile section */
		053F3B43257D20EA00EC349D /* mysofa~.c in Sources */ = {isa = PBXBuildFile; fileRef = 053F3B42257D20EA00EC349D /* mysofa~.c */; };
		053F3B45257D211300EC349D /* m_pd.h in Headers */ = {isa = PBXBuildFile; fileRef = 053F3B44257D211300EC349D /* m_pd.h */; };
		053F3B47257D214500EC349D /* fftw3.h in Headers */ = {isa = PBXBuildFile; fileRef = 053F3B46257D214500EC349D /* fftw3.h */; };
		053F3B49257D229300EC349D /* mysofa.h in Headers */ = {isa = PBXBuildFile; fileRef = 053F3B48257D229300EC349D /* mysofa.h */; };
		053F3B4C257D22DC00EC349D /* libmysofa.a in Frameworks */ = {isa = PBXBuildFile; fileRef = 053F3B4B257D22DC00EC349D /* libmysofa.a */; };
		053F3B6125948E6B00EC349D /* libfftw3.a in Frameworks */ = {isa = PBXBuildFile; fileRef = 053F3B4D257D231100EC349D /* libfftw3.a */; };
/* End PBXBuildFile section */

/* Begin PBXFileReference section */
		053F3B3B257D1EA200EC349D /* mysofa~.pd_darwin */ = {isa = PBXFileReference; explicitFileType = "compiled.mach-o.dylib"; includeInIndex = 0; path = "mysofa~.pd_darwin"; sourceTree = BUILT_PRODUCTS_DIR; };
		053F3B42257D20EA00EC349D /* mysofa~.c */ = {isa = PBXFileReference; lastKnownFileType = sourcecode.c.c; path = "mysofa~.c"; sourceTree = "<group>"; };
		053F3B44257D211300EC349D /* m_pd.h */ = {isa = PBXFileReference; lastKnownFileType = sourcecode.c.h; path = m_pd.h; sourceTree = "<group>"; };
		053F3B46257D214500EC349D /* fftw3.h */ = {isa = PBXFileReference; lastKnownFileType = sourcecode.c.h; path = fftw3.h; sourceTree = "<group>"; };
		053F3B48257D229300EC349D /* mysofa.h */ = {isa = PBXFileReference; lastKnownFileType = sourcecode.c.h; path = mysofa.h; sourceTree = "<group>"; };
		053F3B4B257D22DC00EC349D /* libmysofa.a */ = {isa = PBXFileReference; lastKnownFileType = archive.ar; name = libmysofa.a; path = ../sofa_test/libmysofa.a; sourceTree = "<group>"; };
		053F3B4D257D231100EC349D /* libfftw3.a */ = {isa = PBXFileReference; lastKnownFileType = archive.ar; name = libfftw3.a; path = "../fftw-3.3.8/libfftw3.a"; sourceTree = "<group>"; };
		053F3B5F25948E2500EC349D /* libfftw3f.la */ = {isa = PBXFileReference; lastKnownFileType = text; name = libfftw3f.la; path = "../fftw-3.3.8/libfftw3f.la"; sourceTree = "<group>"; };
/* End PBXFileReference section */

/* Begin PBXFrameworksBuildPhase section */
		053F3B39257D1EA200EC349D /* Frameworks */ = {
			isa = PBXFrameworksBuildPhase;
			buildActionMask = 2147483647;
			files = (
				053F3B6125948E6B00EC349D /* libfftw3.a in Frameworks */,
				053F3B4C257D22DC00EC349D /* libmysofa.a in Frameworks */,
			);
			runOnlyForDeploymentPostprocessing = 0;
		};
/* End PBXFrameworksBuildPhase section */

/* Begin PBXGroup section */
		053F3B32257D1EA200EC349D = {
			isa = PBXGroup;
			children = (
				053F3B48257D229300EC349D /* mysofa.h */,
				053F3B46257D214500EC349D /* fftw3.h */,
				053F3B44257D211300EC349D /* m_pd.h */,
				053F3B42257D20EA00EC349D /* mysofa~.c */,
				053F3B3C257D1EA200EC349D /* Products */,
				053F3B4A257D22DC00EC349D /* Frameworks */,
			);
			sourceTree = "<group>";
		};
		053F3B3C257D1EA200EC349D /* Products */ = {
			isa = PBXGroup;
			children = (
				053F3B3B257D1EA200EC349D /* mysofa~.pd_darwin */,
			);
			name = Products;
			sourceTree = "<group>";
		};
		053F3B4A257D22DC00EC349D /* Frameworks */ = {
			isa = PBXGroup;
			children = (
				053F3B5F25948E2500EC349D /* libfftw3f.la */,
				053F3B4D257D231100EC349D /* libfftw3.a */,
				053F3B4B257D22DC00EC349D /* libmysofa.a */,
			);
			name = Frameworks;
			sourceTree = "<group>";
		};
/* End PBXGroup section */

/* Begin PBXHeadersBuildPhase section */
		053F3B37257D1EA200EC349D /* Headers */ = {
			isa = PBXHeadersBuildPhase;
			buildActionMask = 2147483647;
			files = (
				053F3B45257D211300EC349D /* m_pd.h in Headers */,
				053F3B47257D214500EC349D /* fftw3.h in Headers */,
				053F3B49257D229300EC349D /* mysofa.h in Headers */,
			);
			runOnlyForDeploymentPostprocessing = 0;
		};
/* End PBXHeadersBuildPhase section */

/* Begin PBXNativeTarget section */
		053F3B3A257D1EA200EC349D /* mysofa~ */ = {
			isa = PBXNativeTarget;
			buildConfigurationList = 053F3B3F257D1EA200EC349D /* Build configuration list for PBXNativeTarget "mysofa~" */;
			buildPhases = (
				053F3B37257D1EA200EC349D /* Headers */,
				053F3B38257D1EA200EC349D /* Sources */,
				053F3B39257D1EA200EC349D /* Frameworks */,
			);
			buildRules = (
			);
			dependencies = (
			);
			name = "mysofa~";
			productName = "mysofa~";
			productReference = 053F3B3B257D1EA200EC349D /* mysofa~.pd_darwin */;
			productType = "com.apple.product-type.library.dynamic";
		};
/* End PBXNativeTarget section */

/* Begin PBXProject section */
		053F3B33257D1EA200EC349D /* Project object */ = {
			isa = PBXProject;
			attributes = {
				LastUpgradeCheck = 1100;
				ORGANIZATIONNAME = "藤澤朔弥";
				TargetAttributes = {
					053F3B3A257D1EA200EC349D = {
						CreatedOnToolsVersion = 11.0;
					};
				};
			};
			buildConfigurationList = 053F3B36257D1EA200EC349D /* Build configuration list for PBXProject "mysofa~" */;
			compatibilityVersion = "Xcode 9.3";
			developmentRegion = en;
			hasScannedForEncodings = 0;
			knownRegions = (
				en,
				Base,
			);
			mainGroup = 053F3B32257D1EA200EC349D;
			productRefGroup = 053F3B3C257D1EA200EC349D /* Products */;
			projectDirPath = "";
			projectRoot = "";
			targets = (
				053F3B3A257D1EA200EC349D /* mysofa~ */,
			);
		};
/* End PBXProject section */

/* Begin PBXSourcesBuildPhase section */
		053F3B38257D1EA200EC349D /* Sources */ = {
			isa = PBXSourcesBuildPhase;
			buildActionMask = 2147483647;
			files = (
				053F3B43257D20EA00EC349D /* mysofa~.c in Sources */,
			);
			runOnlyForDeploymentPostprocessing = 0;
		};
/* End PBXSourcesBuildPhase section */

/* Begin XCBuildConfiguration section */
		053F3B3D257D1EA200EC349D /* Debug */ = {
			isa = XCBuildConfiguration;
			buildSettings = {
				ALWAYS_SEARCH_USER_PATHS = NO;
				ARCHS = "$(ARCHS_STANDARD_64_BIT)";
				CLANG_ANALYZER_NONNULL = YES;
				CLANG_ANALYZER_NUMBER_OBJECT_CONVERSION = YES_AGGRESSIVE;
				CLANG_CXX_LANGUAGE_STANDARD = "gnu++14";
				CLANG_CXX_LIBRARY = "libc++";
				CLANG_ENABLE_MODULES = YES;
				CLANG_ENABLE_OBJC_ARC = YES;
				CLANG_ENABLE_OBJC_WEAK = YES;
				CLANG_WARN_BLOCK_CAPTURE_AUTORELEASING = YES;
				CLANG_WARN_BOOL_CONVERSION = YES;
				CLANG_WARN_COMMA = YES;
				CLANG_WARN_CONSTANT_CONVERSION = YES;
				CLANG_WARN_DEPRECATED_OBJC_IMPLEMENTATIONS = YES;
				CLANG_WARN_DIRECT_OBJC_ISA_USAGE = YES_ERROR;
				CLANG_WARN_DOCUMENTATION_COMMENTS = YES;
				CLANG_WARN_EMPTY_BODY = YES;
				CLANG_WARN_ENUM_CONVERSION = YES;
				CLANG_WARN_INFINITE_RECURSION = YES;
				CLANG_WARN_INT_CONVERSION = YES;
				CLANG_WARN_NON_LITERAL_NULL_CONVERSION = YES;
				CLANG_WARN_OBJC_IMPLICIT_RETAIN_SELF = YES;
				CLANG_WARN_OBJC_LITERAL_CONVERSION = YES;
				CLANG_WARN_OBJC_ROOT_CLASS = YES_ERROR;
				CLANG_WARN_RANGE_LOOP_ANALYSIS = YES;
				CLANG_WARN_STRICT_PROTOTYPES = YES;
				CLANG_WARN_SUSPICIOUS_MOVE = YES;
				CLANG_WARN_UNGUARDED_AVAILABILITY = YES_AGGRESSIVE;
				CLANG_WARN_UNREACHABLE_CODE = YES;
				CLANG_WARN__DUPLICATE_METHOD_MATCH = YES;
				COPY_PHASE_STRIP = NO;
				DEBUG_INFORMATION_FORMAT = dwarf;
				ENABLE_STRICT_OBJC_MSGSEND = YES;
				ENABLE_TESTABILITY = YES;
				GCC_C_LANGUAGE_STANDARD = gnu11;
				GCC_DYNAMIC_NO_PIC = NO;
				GCC_NO_COMMON_BLOCKS = YES;
				GCC_OPTIMIZATION_LEVEL = 0;
				GCC_PREPROCESSOR_DEFINITIONS = (
					"DEBUG=1",
					"$(inherited)",
				);
				GCC_WARN_64_TO_32_BIT_CONVERSION = YES;
				GCC_WARN_ABOUT_RETURN_TYPE = YES_ERROR;
				GCC_WARN_UNDECLARED_SELECTOR = YES;
				GCC_WARN_UNINITIALIZED_AUTOS = YES_AGGRESSIVE;
				GCC_WARN_UNUSED_FUNCTION = YES;
				GCC_WARN_UNUSED_VARIABLE = YES;
				HEADER_SEARCH_PATHS = /usr/local/include;
				LIBRARY_SEARCH_PATHS = /usr/local/lib;
				MACOSX_DEPLOYMENT_TARGET = 10.15;
				MTL_ENABLE_DEBUG_INFO = INCLUDE_SOURCE;
				MTL_FAST_MATH = YES;
				ONLY_ACTIVE_ARCH = NO;
				OTHER_LDFLAGS = (
					"-undefined",
					dynamic_lookup,
				);
				SDKROOT = macosx;
				USER_HEADER_SEARCH_PATHS = /usr/local/include;
			};
			name = Debug;
		};
		053F3B3E257D1EA200EC349D /* Release */ = {
			isa = XCBuildConfiguration;
			buildSettings = {
				ALWAYS_SEARCH_USER_PATHS = NO;
				ARCHS = "$(ARCHS_STANDARD_64_BIT)";
				CLANG_ANALYZER_NONNULL = YES;
				CLANG_ANALYZER_NUMBER_OBJECT_CONVERSION = YES_AGGRESSIVE;
				CLANG_CXX_LANGUAGE_STANDARD = "gnu++14";
				CLANG_CXX_LIBRARY = "libc++";
				CLANG_ENABLE_MODULES = YES;
				CLANG_ENABLE_OBJC_ARC = YES;
				CLANG_ENABLE_OBJC_WEAK = YES;
				CLANG_WARN_BLOCK_CAPTURE_AUTORELEASING = YES;
				CLANG_WARN_BOOL_CONVERSION = YES;
				CLANG_WARN_COMMA = YES;
				CLANG_WARN_CONSTANT_CONVERSION = YES;
				CLANG_WARN_DEPRECATED_OBJC_IMPLEMENTATIONS = YES;
				CLANG_WARN_DIRECT_OBJC_ISA_USAGE = YES_ERROR;
				CLANG_WARN_DOCUMENTATION_COMMENTS = YES;
				CLANG_WARN_EMPTY_BODY = YES;
				CLANG_WARN_ENUM_CONVERSION = YES;
				CLANG_WARN_INFINITE_RECURSION = YES;
				CLANG_WARN_INT_CONVERSION = YES;
				CLANG_WARN_NON_LITERAL_NULL_CONVERSION = YES;
				CLANG_WARN_OBJC_IMPLICIT_RETAIN_SELF = YES;
				CLANG_WARN_OBJC_LITERAL_CONVERSION = YES;
				CLANG_WARN_OBJC_ROOT_CLASS = YES_ERROR;
				CLANG_WARN_RANGE_LOOP_ANALYSIS = YES;
				CLANG_WARN_STRICT_PROTOTYPES = YES;
				CLANG_WARN_SUSPICIOUS_MOVE = YES;
				CLANG_WARN_UNGUARDED_AVAILABILITY = YES_AGGRESSIVE;
				CLANG_WARN_UNREACHABLE_CODE = YES;
				CLANG_WARN__DUPLICATE_METHOD_MATCH = YES;
				COPY_PHASE_STRIP = NO;
				DEBUG_INFORMATION_FORMAT = "dwarf-with-dsym";
				ENABLE_NS_ASSERTIONS = NO;
				ENABLE_STRICT_OBJC_MSGSEND = YES;
				GCC_C_LANGUAGE_STANDARD = gnu11;
				GCC_NO_COMMON_BLOCKS = YES;
				GCC_WARN_64_TO_32_BIT_CONVERSION = YES;
				GCC_WARN_ABOUT_RETURN_TYPE = YES_ERROR;
				GCC_WARN_UNDECLARED_SELECTOR = YES;
				GCC_WARN_UNINITIALIZED_AUTOS = YES_AGGRESSIVE;
				GCC_WARN_UNUSED_FUNCTION = YES;
				GCC_WARN_UNUSED_VARIABLE = YES;
				HEADER_SEARCH_PATHS = /usr/local/include;
				LIBRARY_SEARCH_PATHS = /usr/local/lib;
				MACOSX_DEPLOYMENT_TARGET = 10.15;
				MTL_ENABLE_DEBUG_INFO = NO;
				MTL_FAST_MATH = YES;
				OTHER_LDFLAGS = (
					"-undefined",
					dynamic_lookup,
				);
				SDKROOT = macosx;
				USER_HEADER_SEARCH_PATHS = /usr/local/include;
			};
			name = Release;
		};
		053F3B40257D1EA200EC349D /* Debug */ = {
			isa = XCBuildConfiguration;
			buildSettings = {
				CODE_SIGN_STYLE = Automatic;
				DYLIB_COMPATIBILITY_VERSION = 1;
				DYLIB_CURRENT_VERSION = 1;
				EXECUTABLE_EXTENSION = pd_darwin;
				EXECUTABLE_PREFIX = "";
				OTHER_LDFLAGS = (
					"-undefined",
					dynamic_lookup,
				);
				PRODUCT_NAME = "$(TARGET_NAME)";
				SKIP_INSTALL = YES;
			};
			name = Debug;
		};
		053F3B41257D1EA200EC349D /* Release */ = {
			isa = XCBuildConfiguration;
			buildSettings = {
				CODE_SIGN_STYLE = Automatic;
				DYLIB_COMPATIBILITY_VERSION = 1;
				DYLIB_CURRENT_VERSION = 1;
				EXECUTABLE_EXTENSION = pd_darwin;
				EXECUTABLE_PREFIX = "";
				OTHER_LDFLAGS = (
					"-undefined",
					dynamic_lookup,
				);
				PRODUCT_NAME = "$(TARGET_NAME)";
				SKIP_INSTALL = YES;
			};
			name = Release;
		};
/* End XCBuildConfiguration section */

/* Begin XCConfigurationList section */
		053F3B36257D1EA200EC349D /* Build configuration list for PBXProject "mysofa~" */ = {
			isa = XCConfigurationList;
			buildConfigurations = (
				053F3B3D257D1EA200EC349D /* Debug */,
				053F3B3E257D1EA200EC349D /* Release */,
			);
			defaultConfigurationIsVisible = 0;
			defaultConfigurationName = Release;
		};
		053F3B3F257D1EA200EC349D /* Build configuration list for PBXNativeTarget "mysofa~" */ = {
			isa = XCConfigurationList;
			buildConfigurations = (
				053F3B40257D1EA200EC349D /* Debug */,
				053F3B41257D1EA200EC349D /* Release */,
			);
			defaultConfigurationIsVisible = 0;
			defaultConfigurationName = Release;
		};
/* End XCConfigurationList section */
	};
	rootObject = 053F3B33257D1EA200EC349D /* Project object */;
}
